{
    "_readme": [
        "This file locks the dependencies of your project to a known state",
        "Read more about it at https://getcomposer.org/doc/01-basic-usage.md#installing-dependencies",
        "This file is @generated automatically"
    ],
    "content-hash": "76eb09ddb63d97760a601279ba93aac7",
    "packages": [
        {
            "name": "codinghamster/codeigniter-modular-extensions-hmvc",
            "version": "1.1.0",
            "source": {
                "type": "git",
                "url": "https://github.com/codinghamster/codeigniter-modular-extensions-hmvc.git",
                "reference": "ef0902cb862a9129f9edde4f7ccc12237de9d007"
            },
            "dist": {
                "type": "zip",
                "url": "https://api.github.com/repos/codinghamster/codeigniter-modular-extensions-hmvc/zipball/ef0902cb862a9129f9edde4f7ccc12237de9d007",
                "reference": "ef0902cb862a9129f9edde4f7ccc12237de9d007",
                "shasum": ""
            },
            "type": "library",
            "autoload": {
                "classmap": [
                    "third_party/MX/Loader.php",
                    "third_party/MX/Router.php"
                ]
            },
            "notification-url": "https://packagist.org/downloads/",
            "license": [
                "MIT"
            ],
            "description": "CodeIgniter framework modular extension - HMVC",
            "support": {
                "issues": "https://github.com/codinghamster/codeigniter-modular-extensions-hmvc/issues",
                "source": "https://github.com/codinghamster/codeigniter-modular-extensions-hmvc/tree/1.1.0"
            },
            "time": "2018-07-18T07:02:39+00:00"
        }
    ],
    "packages-dev": [
        {
            "name": "mikey179/vfsstream",
            "version": "v1.1.0",
            "source": {
                "type": "git",
                "url": "https://github.com/bovigo/vfsStream.git",
                "reference": "fc0fe8f4d0b527254a2dc45f0c265567c881d07e"
            },
            "dist": {
                "type": "zip",
                "url": "https://api.github.com/repos/bovigo/vfsStream/zipball/fc0fe8f4d0b527254a2dc45f0c265567c881d07e",
                "reference": "fc0fe8f4d0b527254a2dc45f0c265567c881d07e",
                "shasum": ""
            },
            "require": {
                "php": ">=5.3.0"
            },
            "type": "library",
            "autoload": {
                "psr-0": {
                    "org\\bovigo\\vfs": "src/main/php"
                }
            },
            "notification-url": "https://packagist.org/downloads/",
            "license": [
                "BSD"
            ],
            "homepage": "http://vfs.bovigo.org/",
            "time": "2012-08-25T12:49:29+00:00"
        }
    ],
    "aliases": [],
    "minimum-stability": "stable",
    "stability-flags": [],
    "prefer-stable": false,
    "prefer-lowest": false,
    "platform": {
        "php": ">=7.4.0",
        "ext-mysqli": "*"
    },
    "platform-dev": [],
    "plugin-api-version": "2.6.0"
}
